
Microsoft Visual Studio Solution File, Format Version 12.00
# Visual Studio Version 17
VisualStudioVersion = 17.3.32929.385
MinimumVisualStudioVersion = 10.0.40219.1
Project("{9A19103F-16F7-4668-BE54-9A1E7A4F7556}") = "Adita.PlexNet.Wpf.Converters", "Adita.PlexNet.Wpf.Converters\Adita.PlexNet.Wpf.Converters.csproj", "{C2E1830A-A349-42BC-A27E-EAA794AA7E39}"
EndProject
Project("{9A19103F-16F7-4668-BE54-9A1E7A4F7556}") = "Adita.PlexNet.Wpf.Converters.Samples", "Adita.PlexNet.Wpf.Converters.Samples\Adita.PlexNet.Wpf.Converters.Samples.csproj", "{2751A46C-B5CA-4188-A1BB-589374A53B6D}"
EndProject
Project("{2150E333-8FDC-42A3-9474-1A3956D46DE8}") = "Solution Items", "Solution Items", "{A3A8B06B-BF8C-45A8-A12E-E09F23B0429D}"
	ProjectSection(SolutionItems) = preProject
		README.md = README.md
	EndProjectSection
EndProject
Global
	GlobalSection(SolutionConfigurationPlatforms) = preSolution
		Debug|Any CPU = Debug|Any CPU
		Release|Any CPU = Release|Any CPU
	EndGlobalSection
	GlobalSection(ProjectConfigurationPlatforms) = postSolution
		{C2E1830A-A349-42BC-A27E-EAA794AA7E39}.Debug|Any CPU.ActiveCfg = Debug|Any CPU
		{C2E1830A-A349-42BC-A27E-EAA794AA7E39}.Debug|Any CPU.Build.0 = Debug|Any CPU
		{C2E1830A-A349-42BC-A27E-EAA794AA7E39}.Release|Any CPU.ActiveCfg = Release|Any CPU
		{C2E1830A-A349-42BC-A27E-EAA794AA7E39}.Release|Any CPU.Build.0 = Release|Any CPU
		{2751A46C-B5CA-4188-A1BB-589374A53B6D}.Debug|Any CPU.ActiveCfg = Debug|Any CPU
		{2751A46C-B5CA-4188-A1BB-589374A53B6D}.Debug|Any CPU.Build.0 = Debug|Any CPU
		{2751A46C-B5CA-4188-A1BB-589374A53B6D}.Release|Any CPU.ActiveCfg = Release|Any CPU
		{2751A46C-B5CA-4188-A1BB-589374A53B6D}.Release|Any CPU.Build.0 = Release|Any CPU
	EndGlobalSection
	GlobalSection(SolutionProperties) = preSolution
		HideSolutionNode = FALSE
	EndGlobalSection
	GlobalSection(ExtensibilityGlobals) = postSolution
		SolutionGuid = {CAC51D69-AFCB-4239-AF53-59C611714099}
	EndGlobalSection
EndGlobal
